// !$*UTF8*$!
{
	archiveVersion = 1;
	classes = {
	};
	objectVersion = 55;
	objects = {

/* Begin PBXBuildFile section */
		04B936DD28236ED800F0A39A /* Keycode.swift in Sources */ = {isa = PBXBuildFile; fileRef = 04B936DC28236ED800F0A39A /* Keycode.swift */; };
		04B936DF28236FEB00F0A39A /* LYPasterShowManager.swift in Sources */ = {isa = PBXBuildFile; fileRef = 04B936DE28236FEB00F0A39A /* LYPasterShowManager.swift */; };
		04B936E1282370BE00F0A39A /* LYPasterHotKey.swift in Sources */ = {isa = PBXBuildFile; fileRef = 04B936E0282370BE00F0A39A /* LYPasterHotKey.swift */; };
		04B936E3282376A700F0A39A /* LYPasterPopoverView.swift in Sources */ = {isa = PBXBuildFile; fileRef = 04B936E2282376A700F0A39A /* LYPasterPopoverView.swift */; };
		04B936E52823782300F0A39A /* LYPasterPopoverController.swift in Sources */ = {isa = PBXBuildFile; fileRef = 04B936E42823782300F0A39A /* LYPasterPopoverController.swift */; };
		04E2A99A281CFDC8002FA329 /* StatusBarController.swift in Sources */ = {isa = PBXBuildFile; fileRef = 04E2A999281CFDC7002FA329 /* StatusBarController.swift */; };
		04E2A99C281CFE15002FA329 /* EventMonitor.swift in Sources */ = {isa = PBXBuildFile; fileRef = 04E2A99B281CFE15002FA329 /* EventMonitor.swift */; };
		8705661128192E4D00692726 /* LYPasteListView.swift in Sources */ = {isa = PBXBuildFile; fileRef = 8705661028192E4D00692726 /* LYPasteListView.swift */; };
		871D432B28179B310041CBC7 /* AppDelegate.swift in Sources */ = {isa = PBXBuildFile; fileRef = 871D432A28179B310041CBC7 /* AppDelegate.swift */; };
		871D432D28179B310041CBC7 /* ViewController.swift in Sources */ = {isa = PBXBuildFile; fileRef = 871D432C28179B310041CBC7 /* ViewController.swift */; };
		871D432F28179B330041CBC7 /* Assets.xcassets in Resources */ = {isa = PBXBuildFile; fileRef = 871D432E28179B330041CBC7 /* Assets.xcassets */; };
		871D433228179B330041CBC7 /* Main.storyboard in Resources */ = {isa = PBXBuildFile; fileRef = 871D433028179B330041CBC7 /* Main.storyboard */; };
		871D43472817C7E30041CBC7 /* LYPasterMonitor.swift in Sources */ = {isa = PBXBuildFile; fileRef = 871D43412817C7E30041CBC7 /* LYPasterMonitor.swift */; };
		871D43482817C7E30041CBC7 /* TestTableModel.swift in Sources */ = {isa = PBXBuildFile; fileRef = 871D43432817C7E30041CBC7 /* TestTableModel.swift */; };
		871D43492817C7E30041CBC7 /* LYPasterData.swift in Sources */ = {isa = PBXBuildFile; fileRef = 871D43442817C7E30041CBC7 /* LYPasterData.swift */; };
		871D434A2817C7E30041CBC7 /* LYWCustomWebview.swift in Sources */ = {isa = PBXBuildFile; fileRef = 871D43462817C7E30041CBC7 /* LYWCustomWebview.swift */; };
		8752C23B285733C600036CFA /* LYPasteFilePathCell.swift in Sources */ = {isa = PBXBuildFile; fileRef = 8752C23A285733C500036CFA /* LYPasteFilePathCell.swift */; };
		87A11B202830CA0A00E5AB16 /* LYPasteVC.swift in Sources */ = {isa = PBXBuildFile; fileRef = 87A11B1E2830CA0A00E5AB16 /* LYPasteVC.swift */; };
		87A11B212830CA0A00E5AB16 /* LYPasteVC.xib in Resources */ = {isa = PBXBuildFile; fileRef = 87A11B1F2830CA0A00E5AB16 /* LYPasteVC.xib */; };
		87DA4385281E5CA900C85F7E /* IOKit.framework in Frameworks */ = {isa = PBXBuildFile; fileRef = 87DA4384281E5CA900C85F7E /* IOKit.framework */; };
		87DA438C281E6A7400C85F7E /* CallBackFunctions.swift in Sources */ = {isa = PBXBuildFile; fileRef = 87DA438A281E6A7400C85F7E /* CallBackFunctions.swift */; };
		87DA438D281E6A7400C85F7E /* Keylogger.swift in Sources */ = {isa = PBXBuildFile; fileRef = 87DA438B281E6A7400C85F7E /* Keylogger.swift */; };
		87DA4391281E7D2B00C85F7E /* pyLogger.py in Resources */ = {isa = PBXBuildFile; fileRef = 87DA4390281E7D2B00C85F7E /* pyLogger.py */; };
		87DA4394281F84DB00C85F7E /* Copy.aiff in Resources */ = {isa = PBXBuildFile; fileRef = 87DA4393281F84DB00C85F7E /* Copy.aiff */; };
		87DA4396281F852600C85F7E /* Paste.aiff in Resources */ = {isa = PBXBuildFile; fileRef = 87DA4395281F852600C85F7E /* Paste.aiff */; };
		87DA439C28211FEB00C85F7E /* LYPasteBaseCell.swift in Sources */ = {isa = PBXBuildFile; fileRef = 87DA439A28211FEB00C85F7E /* LYPasteBaseCell.swift */; };
		87DA439D28211FEB00C85F7E /* LYPasteBaseCell.xib in Resources */ = {isa = PBXBuildFile; fileRef = 87DA439B28211FEB00C85F7E /* LYPasteBaseCell.xib */; };
		87DA43A02821216900C85F7E /* LYPasteTextCell.swift in Sources */ = {isa = PBXBuildFile; fileRef = 87DA439E2821216900C85F7E /* LYPasteTextCell.swift */; };
		87DA43A82821409D00C85F7E /* LYPasteRTFCell.swift in Sources */ = {isa = PBXBuildFile; fileRef = 87DA43A62821409D00C85F7E /* LYPasteRTFCell.swift */; };
		87DA43AB282162D100C85F7E /* LYPasteImageCell.swift in Sources */ = {isa = PBXBuildFile; fileRef = 87DA43AA282162D100C85F7E /* LYPasteImageCell.swift */; };
		87DA43B0282259A600C85F7E /* LYColor.swift in Sources */ = {isa = PBXBuildFile; fileRef = 87DA43AF282259A600C85F7E /* LYColor.swift */; };
		87EA1EAC28586F49009C903D /* LYAlertView.swift in Sources */ = {isa = PBXBuildFile; fileRef = 87EA1EAB28586F49009C903D /* LYAlertView.swift */; };
		EC83BF63428F21CB626EAC2D /* Pods_LYPasteSwift.framework in Frameworks */ = {isa = PBXBuildFile; fileRef = BFD73AA9D4275E3FAB494296 /* Pods_LYPasteSwift.framework */; };
/* End PBXBuildFile section */

/* Begin PBXFileReference section */
		04B936DC28236ED800F0A39A /* Keycode.swift */ = {isa = PBXFileReference; lastKnownFileType = sourcecode.swift; path = Keycode.swift; sourceTree = "<group>"; };
		04B936DE28236FEB00F0A39A /* LYPasterShowManager.swift */ = {isa = PBXFileReference; lastKnownFileType = sourcecode.swift; path = LYPasterShowManager.swift; sourceTree = "<group>"; };
		04B936E0282370BE00F0A39A /* LYPasterHotKey.swift */ = {isa = PBXFileReference; lastKnownFileType = sourcecode.swift; path = LYPasterHotKey.swift; sourceTree = "<group>"; };
		04B936E2282376A700F0A39A /* LYPasterPopoverView.swift */ = {isa = PBXFileReference; lastKnownFileType = sourcecode.swift; path = LYPasterPopoverView.swift; sourceTree = "<group>"; };
		04B936E42823782300F0A39A /* LYPasterPopoverController.swift */ = {isa = PBXFileReference; lastKnownFileType = sourcecode.swift; path = LYPasterPopoverController.swift; sourceTree = "<group>"; };
		04E2A998281CFCF2002FA329 /* Info.plist */ = {isa = PBXFileReference; lastKnownFileType = text.plist; path = Info.plist; sourceTree = "<group>"; };
		04E2A999281CFDC7002FA329 /* StatusBarController.swift */ = {isa = PBXFileReference; lastKnownFileType = sourcecode.swift; path = StatusBarController.swift; sourceTree = "<group>"; };
		04E2A99B281CFE15002FA329 /* EventMonitor.swift */ = {isa = PBXFileReference; lastKnownFileType = sourcecode.swift; path = EventMonitor.swift; sourceTree = "<group>"; };
		8705661028192E4D00692726 /* LYPasteListView.swift */ = {isa = PBXFileReference; lastKnownFileType = sourcecode.swift; path = LYPasteListView.swift; sourceTree = "<group>"; };
		871D432728179B310041CBC7 /* LYPasteSwift.app */ = {isa = PBXFileReference; explicitFileType = wrapper.application; includeInIndex = 0; path = LYPasteSwift.app; sourceTree = BUILT_PRODUCTS_DIR; };
		871D432A28179B310041CBC7 /* AppDelegate.swift */ = {isa = PBXFileReference; lastKnownFileType = sourcecode.swift; path = AppDelegate.swift; sourceTree = "<group>"; };
		871D432C28179B310041CBC7 /* ViewController.swift */ = {isa = PBXFileReference; lastKnownFileType = sourcecode.swift; path = ViewController.swift; sourceTree = "<group>"; };
		871D432E28179B330041CBC7 /* Assets.xcassets */ = {isa = PBXFileReference; lastKnownFileType = folder.assetcatalog; path = Assets.xcassets; sourceTree = "<group>"; };
		871D433128179B330041CBC7 /* Base */ = {isa = PBXFileReference; lastKnownFileType = file.storyboard; name = Base; path = Base.lproj/Main.storyboard; sourceTree = "<group>"; };
		871D433328179B330041CBC7 /* LYPasteSwift.entitlements */ = {isa = PBXFileReference; lastKnownFileType = text.plist.entitlements; path = LYPasteSwift.entitlements; sourceTree = "<group>"; };
		871D43412817C7E30041CBC7 /* LYPasterMonitor.swift */ = {isa = PBXFileReference; fileEncoding = 4; lastKnownFileType = sourcecode.swift; path = LYPasterMonitor.swift; sourceTree = "<group>"; };
		871D43432817C7E30041CBC7 /* TestTableModel.swift */ = {isa = PBXFileReference; fileEncoding = 4; lastKnownFileType = sourcecode.swift; path = TestTableModel.swift; sourceTree = "<group>"; };
		871D43442817C7E30041CBC7 /* LYPasterData.swift */ = {isa = PBXFileReference; fileEncoding = 4; lastKnownFileType = sourcecode.swift; path = LYPasterData.swift; sourceTree = "<group>"; };
		871D43462817C7E30041CBC7 /* LYWCustomWebview.swift */ = {isa = PBXFileReference; fileEncoding = 4; lastKnownFileType = sourcecode.swift; path = LYWCustomWebview.swift; sourceTree = "<group>"; };
		8752C23A285733C500036CFA /* LYPasteFilePathCell.swift */ = {isa = PBXFileReference; lastKnownFileType = sourcecode.swift; path = LYPasteFilePathCell.swift; sourceTree = "<group>"; };
		87A11B1E2830CA0A00E5AB16 /* LYPasteVC.swift */ = {isa = PBXFileReference; lastKnownFileType = sourcecode.swift; path = LYPasteVC.swift; sourceTree = "<group>"; };
		87A11B1F2830CA0A00E5AB16 /* LYPasteVC.xib */ = {isa = PBXFileReference; lastKnownFileType = file.xib; path = LYPasteVC.xib; sourceTree = "<group>"; };
		87DA4384281E5CA900C85F7E /* IOKit.framework */ = {isa = PBXFileReference; lastKnownFileType = wrapper.framework; name = IOKit.framework; path = System/Library/Frameworks/IOKit.framework; sourceTree = SDKROOT; };
		87DA438A281E6A7400C85F7E /* CallBackFunctions.swift */ = {isa = PBXFileReference; fileEncoding = 4; lastKnownFileType = sourcecode.swift; path = CallBackFunctions.swift; sourceTree = "<group>"; };
		87DA438B281E6A7400C85F7E /* Keylogger.swift */ = {isa = PBXFileReference; fileEncoding = 4; lastKnownFileType = sourcecode.swift; path = Keylogger.swift; sourceTree = "<group>"; };
		87DA4390281E7D2B00C85F7E /* pyLogger.py */ = {isa = PBXFileReference; fileEncoding = 4; lastKnownFileType = text.script.python; path = pyLogger.py; sourceTree = "<group>"; };
		87DA4393281F84DB00C85F7E /* Copy.aiff */ = {isa = PBXFileReference; lastKnownFileType = audio.aiff; path = Copy.aiff; sourceTree = "<group>"; };
		87DA4395281F852600C85F7E /* Paste.aiff */ = {isa = PBXFileReference; lastKnownFileType = audio.aiff; path = Paste.aiff; sourceTree = "<group>"; };
		87DA439A28211FEB00C85F7E /* LYPasteBaseCell.swift */ = {isa = PBXFileReference; lastKnownFileType = sourcecode.swift; path = LYPasteBaseCell.swift; sourceTree = "<group>"; };
		87DA439B28211FEB00C85F7E /* LYPasteBaseCell.xib */ = {isa = PBXFileReference; lastKnownFileType = file.xib; path = LYPasteBaseCell.xib; sourceTree = "<group>"; };
		87DA439E2821216900C85F7E /* LYPasteTextCell.swift */ = {isa = PBXFileReference; lastKnownFileType = sourcecode.swift; path = LYPasteTextCell.swift; sourceTree = "<group>"; };
		87DA43A62821409D00C85F7E /* LYPasteRTFCell.swift */ = {isa = PBXFileReference; lastKnownFileType = sourcecode.swift; path = LYPasteRTFCell.swift; sourceTree = "<group>"; };
		87DA43AA282162D100C85F7E /* LYPasteImageCell.swift */ = {isa = PBXFileReference; lastKnownFileType = sourcecode.swift; path = LYPasteImageCell.swift; sourceTree = "<group>"; };
		87DA43AC282188A200C85F7E /* SystemConfiguration.framework */ = {isa = PBXFileReference; lastKnownFileType = wrapper.framework; name = SystemConfiguration.framework; path = System/Library/Frameworks/SystemConfiguration.framework; sourceTree = SDKROOT; };
		87DA43AF282259A600C85F7E /* LYColor.swift */ = {isa = PBXFileReference; lastKnownFileType = sourcecode.swift; path = LYColor.swift; sourceTree = "<group>"; };
		87EA1EAB28586F49009C903D /* LYAlertView.swift */ = {isa = PBXFileReference; lastKnownFileType = sourcecode.swift; path = LYAlertView.swift; sourceTree = "<group>"; };
		A07E51B0C180BBBB2B9A0086 /* Pods-LYPasteSwift.release.xcconfig */ = {isa = PBXFileReference; includeInIndex = 1; lastKnownFileType = text.xcconfig; name = "Pods-LYPasteSwift.release.xcconfig"; path = "Target Support Files/Pods-LYPasteSwift/Pods-LYPasteSwift.release.xcconfig"; sourceTree = "<group>"; };
		BFD73AA9D4275E3FAB494296 /* Pods_LYPasteSwift.framework */ = {isa = PBXFileReference; explicitFileType = wrapper.framework; includeInIndex = 0; path = Pods_LYPasteSwift.framework; sourceTree = BUILT_PRODUCTS_DIR; };
		E8685E61835FF5B101900F8A /* Pods-LYPasteSwift.debug.xcconfig */ = {isa = PBXFileReference; includeInIndex = 1; lastKnownFileType = text.xcconfig; name = "Pods-LYPasteSwift.debug.xcconfig"; path = "Target Support Files/Pods-LYPasteSwift/Pods-LYPasteSwift.debug.xcconfig"; sourceTree = "<group>"; };
/* End PBXFileReference section */

/* Begin PBXFrameworksBuildPhase section */
		871D432428179B310041CBC7 /* Frameworks */ = {
			isa = PBXFrameworksBuildPhase;
			buildActionMask = 2147483647;
			files = (
				87DA4385281E5CA900C85F7E /* IOKit.framework in Frameworks */,
				EC83BF63428F21CB626EAC2D /* Pods_LYPasteSwift.framework in Frameworks */,
			);
			runOnlyForDeploymentPostprocessing = 0;
		};
/* End PBXFrameworksBuildPhase section */

/* Begin PBXGroup section */
		2E7F29B07300F4FA08402DA3 /* Pods */ = {
			isa = PBXGroup;
			children = (
				E8685E61835FF5B101900F8A /* Pods-LYPasteSwift.debug.xcconfig */,
				A07E51B0C180BBBB2B9A0086 /* Pods-LYPasteSwift.release.xcconfig */,
			);
			name = Pods;
			path = ../Pods;
			sourceTree = "<group>";
		};
		8462BD4987BE2F2165864C6F /* Frameworks */ = {
			isa = PBXGroup;
			children = (
				87DA43AC282188A200C85F7E /* SystemConfiguration.framework */,
				87DA4384281E5CA900C85F7E /* IOKit.framework */,
				BFD73AA9D4275E3FAB494296 /* Pods_LYPasteSwift.framework */,
			);
			name = Frameworks;
			sourceTree = "<group>";
		};
		871D431E28179B310041CBC7 = {
			isa = PBXGroup;
			children = (
				871D432928179B310041CBC7 /* LYPasteSwift */,
				871D432828179B310041CBC7 /* Products */,
				2E7F29B07300F4FA08402DA3 /* Pods */,
				8462BD4987BE2F2165864C6F /* Frameworks */,
			);
			sourceTree = "<group>";
		};
		871D432828179B310041CBC7 /* Products */ = {
			isa = PBXGroup;
			children = (
				871D432728179B310041CBC7 /* LYPasteSwift.app */,
			);
			name = Products;
			sourceTree = "<group>";
		};
		871D432928179B310041CBC7 /* LYPasteSwift */ = {
			isa = PBXGroup;
			children = (
				04E2A998281CFCF2002FA329 /* Info.plist */,
				87DA438E281E7D2B00C85F7E /* sources */,
				87DA437F281E5C4A00C85F7E /* Keylogger */,
				871D433F2817C7E30041CBC7 /* base */,
				871D432A28179B310041CBC7 /* AppDelegate.swift */,
				871D432C28179B310041CBC7 /* ViewController.swift */,
				871D432E28179B330041CBC7 /* Assets.xcassets */,
				871D433028179B330041CBC7 /* Main.storyboard */,
				871D433328179B330041CBC7 /* LYPasteSwift.entitlements */,
			);
			path = LYPasteSwift;
			sourceTree = "<group>";
		};
		871D433F2817C7E30041CBC7 /* base */ = {
			isa = PBXGroup;
			children = (
				87DA43AE2822595000C85F7E /* categry */,
				87DA437E281D584500C85F7E /* Controller */,
				871D43402817C7E30041CBC7 /* Util */,
				871D43452817C7E30041CBC7 /* View */,
				87A11B1D2830C9D900E5AB16 /* VC */,
			);
			path = base;
			sourceTree = "<group>";
		};
		871D43402817C7E30041CBC7 /* Util */ = {
			isa = PBXGroup;
			children = (
				871D43412817C7E30041CBC7 /* LYPasterMonitor.swift */,
				871D43422817C7E30041CBC7 /* tables */,
				871D43442817C7E30041CBC7 /* LYPasterData.swift */,
				04E2A99B281CFE15002FA329 /* EventMonitor.swift */,
				04B936DE28236FEB00F0A39A /* LYPasterShowManager.swift */,
			);
			path = Util;
			sourceTree = "<group>";
		};
		871D43422817C7E30041CBC7 /* tables */ = {
			isa = PBXGroup;
			children = (
				871D43432817C7E30041CBC7 /* TestTableModel.swift */,
			);
			path = tables;
			sourceTree = "<group>";
		};
		871D43452817C7E30041CBC7 /* View */ = {
			isa = PBXGroup;
			children = (
				871D43462817C7E30041CBC7 /* LYWCustomWebview.swift */,
				8705661028192E4D00692726 /* LYPasteListView.swift */,
				87DA439A28211FEB00C85F7E /* LYPasteBaseCell.swift */,
				87DA439B28211FEB00C85F7E /* LYPasteBaseCell.xib */,
				87DA43A62821409D00C85F7E /* LYPasteRTFCell.swift */,
				87DA439E2821216900C85F7E /* LYPasteTextCell.swift */,
				87DA43AA282162D100C85F7E /* LYPasteImageCell.swift */,
				8752C23A285733C500036CFA /* LYPasteFilePathCell.swift */,
				04B936E2282376A700F0A39A /* LYPasterPopoverView.swift */,
				87EA1EAB28586F49009C903D /* LYAlertView.swift */,
			);
			path = View;
			sourceTree = "<group>";
		};
		87A11B1D2830C9D900E5AB16 /* VC */ = {
			isa = PBXGroup;
			children = (
				87A11B1E2830CA0A00E5AB16 /* LYPasteVC.swift */,
				87A11B1F2830CA0A00E5AB16 /* LYPasteVC.xib */,
			);
			path = VC;
			sourceTree = "<group>";
		};
		87DA437E281D584500C85F7E /* Controller */ = {
			isa = PBXGroup;
			children = (
				04E2A999281CFDC7002FA329 /* StatusBarController.swift */,
				04B936E42823782300F0A39A /* LYPasterPopoverController.swift */,
			);
			path = Controller;
			sourceTree = "<group>";
		};
		87DA437F281E5C4A00C85F7E /* Keylogger */ = {
			isa = PBXGroup;
			children = (
				87DA438A281E6A7400C85F7E /* CallBackFunctions.swift */,
				87DA438B281E6A7400C85F7E /* Keylogger.swift */,
				04B936DC28236ED800F0A39A /* Keycode.swift */,
				04B936E0282370BE00F0A39A /* LYPasterHotKey.swift */,
			);
			path = Keylogger;
			sourceTree = "<group>";
		};
		87DA438E281E7D2B00C85F7E /* sources */ = {
			isa = PBXGroup;
			children = (
				87DA4392281F84CF00C85F7E /* audio */,
				87DA438F281E7D2B00C85F7E /* py */,
			);
			path = sources;
			sourceTree = "<group>";
		};
		87DA438F281E7D2B00C85F7E /* py */ = {
			isa = PBXGroup;
			children = (
				87DA4390281E7D2B00C85F7E /* pyLogger.py */,
			);
			path = py;
			sourceTree = "<group>";
		};
		87DA4392281F84CF00C85F7E /* audio */ = {
			isa = PBXGroup;
			children = (
				87DA4395281F852600C85F7E /* Paste.aiff */,
				87DA4393281F84DB00C85F7E /* Copy.aiff */,
			);
			path = audio;
			sourceTree = "<group>";
		};
		87DA43AE2822595000C85F7E /* categry */ = {
			isa = PBXGroup;
			children = (
				87DA43AF282259A600C85F7E /* LYColor.swift */,
			);
			path = categry;
			sourceTree = "<group>";
		};
/* End PBXGroup section */

/* Begin PBXNativeTarget section */
		871D432628179B310041CBC7 /* LYPasteSwift */ = {
			isa = PBXNativeTarget;
			buildConfigurationList = 871D433628179B330041CBC7 /* Build configuration list for PBXNativeTarget "LYPasteSwift" */;
			buildPhases = (
				B4D0656D150C6ED626901F13 /* [CP] Check Pods Manifest.lock */,
				871D432328179B310041CBC7 /* Sources */,
				871D432428179B310041CBC7 /* Frameworks */,
				871D432528179B310041CBC7 /* Resources */,
				FF27ECCC999A91F90B754838 /* [CP] Embed Pods Frameworks */,
			);
			buildRules = (
			);
			dependencies = (
			);
			name = LYPasteSwift;
			productName = LYPasteSwift;
			productReference = 871D432728179B310041CBC7 /* LYPasteSwift.app */;
			productType = "com.apple.product-type.application";
		};
/* End PBXNativeTarget section */

/* Begin PBXProject section */
		871D431F28179B310041CBC7 /* Project object */ = {
			isa = PBXProject;
			attributes = {
				BuildIndependentTargetsInParallel = 1;
				KnownAssetTags = (
					bg,
				);
				LastSwiftUpdateCheck = 1330;
				LastUpgradeCheck = 1330;
				TargetAttributes = {
					871D432628179B310041CBC7 = {
						CreatedOnToolsVersion = 13.3.1;
						LastSwiftMigration = 1330;
					};
				};
			};
			buildConfigurationList = 871D432228179B310041CBC7 /* Build configuration list for PBXProject "LYPasteSwift" */;
			compatibilityVersion = "Xcode 13.0";
			developmentRegion = en;
			hasScannedForEncodings = 0;
			knownRegions = (
				en,
				Base,
			);
			mainGroup = 871D431E28179B310041CBC7;
			productRefGroup = 871D432828179B310041CBC7 /* Products */;
			projectDirPath = "";
			projectRoot = "";
			targets = (
				871D432628179B310041CBC7 /* LYPasteSwift */,
			);
		};
/* End PBXProject section */

/* Begin PBXResourcesBuildPhase section */
		871D432528179B310041CBC7 /* Resources */ = {
			isa = PBXResourcesBuildPhase;
			buildActionMask = 2147483647;
			files = (
				871D432F28179B330041CBC7 /* Assets.xcassets in Resources */,
				87DA439D28211FEB00C85F7E /* LYPasteBaseCell.xib in Resources */,
				87A11B212830CA0A00E5AB16 /* LYPasteVC.xib in Resources */,
				87DA4396281F852600C85F7E /* Paste.aiff in Resources */,
				87DA4391281E7D2B00C85F7E /* pyLogger.py in Resources */,
				87DA4394281F84DB00C85F7E /* Copy.aiff in Resources */,
				871D433228179B330041CBC7 /* Main.storyboard in Resources */,
			);
			runOnlyForDeploymentPostprocessing = 0;
		};
/* End PBXResourcesBuildPhase section */

/* Begin PBXShellScriptBuildPhase section */
		B4D0656D150C6ED626901F13 /* [CP] Check Pods Manifest.lock */ = {
			isa = PBXShellScriptBuildPhase;
			buildActionMask = 2147483647;
			files = (
			);
			inputFileListPaths = (
			);
			inputPaths = (
				"${PODS_PODFILE_DIR_PATH}/Podfile.lock",
				"${PODS_ROOT}/Manifest.lock",
			);
			name = "[CP] Check Pods Manifest.lock";
			outputFileListPaths = (
			);
			outputPaths = (
				"$(DERIVED_FILE_DIR)/Pods-LYPasteSwift-checkManifestLockResult.txt",
			);
			runOnlyForDeploymentPostprocessing = 0;
			shellPath = /bin/sh;
			shellScript = "diff \"${PODS_PODFILE_DIR_PATH}/Podfile.lock\" \"${PODS_ROOT}/Manifest.lock\" > /dev/null\nif [ $? != 0 ] ; then\n    # print error to STDERR\n    echo \"error: The sandbox is not in sync with the Podfile.lock. Run 'pod install' or update your CocoaPods installation.\" >&2\n    exit 1\nfi\n# This output is used by Xcode 'outputs' to avoid re-running this script phase.\necho \"SUCCESS\" > \"${SCRIPT_OUTPUT_FILE_0}\"\n";
			showEnvVarsInLog = 0;
		};
		FF27ECCC999A91F90B754838 /* [CP] Embed Pods Frameworks */ = {
			isa = PBXShellScriptBuildPhase;
			buildActionMask = 2147483647;
			files = (
			);
			inputFileListPaths = (
				"${PODS_ROOT}/Target Support Files/Pods-LYPasteSwift/Pods-LYPasteSwift-frameworks-${CONFIGURATION}-input-files.xcfilelist",
			);
			name = "[CP] Embed Pods Frameworks";
			outputFileListPaths = (
				"${PODS_ROOT}/Target Support Files/Pods-LYPasteSwift/Pods-LYPasteSwift-frameworks-${CONFIGURATION}-output-files.xcfilelist",
			);
			runOnlyForDeploymentPostprocessing = 0;
			shellPath = /bin/sh;
			shellScript = "\"${PODS_ROOT}/Target Support Files/Pods-LYPasteSwift/Pods-LYPasteSwift-frameworks.sh\"\n";
			showEnvVarsInLog = 0;
		};
/* End PBXShellScriptBuildPhase section */

/* Begin PBXSourcesBuildPhase section */
		871D432328179B310041CBC7 /* Sources */ = {
			isa = PBXSourcesBuildPhase;
			buildActionMask = 2147483647;
			files = (
				04B936E1282370BE00F0A39A /* LYPasterHotKey.swift in Sources */,
				87DA438C281E6A7400C85F7E /* CallBackFunctions.swift in Sources */,
				871D43482817C7E30041CBC7 /* TestTableModel.swift in Sources */,
				87DA43A02821216900C85F7E /* LYPasteTextCell.swift in Sources */,
				87EA1EAC28586F49009C903D /* LYAlertView.swift in Sources */,
				87DA439C28211FEB00C85F7E /* LYPasteBaseCell.swift in Sources */,
				04B936DD28236ED800F0A39A /* Keycode.swift in Sources */,
				04E2A99C281CFE15002FA329 /* EventMonitor.swift in Sources */,
				87A11B202830CA0A00E5AB16 /* LYPasteVC.swift in Sources */,
				87DA43AB282162D100C85F7E /* LYPasteImageCell.swift in Sources */,
				04E2A99A281CFDC8002FA329 /* StatusBarController.swift in Sources */,
				87DA438D281E6A7400C85F7E /* Keylogger.swift in Sources */,
				8705661128192E4D00692726 /* LYPasteListView.swift in Sources */,
				871D432D28179B310041CBC7 /* ViewController.swift in Sources */,
				871D432B28179B310041CBC7 /* AppDelegate.swift in Sources */,
				04B936E52823782300F0A39A /* LYPasterPopoverController.swift in Sources */,
				8752C23B285733C600036CFA /* LYPasteFilePathCell.swift in Sources */,
				871D43492817C7E30041CBC7 /* LYPasterData.swift in Sources */,
				87DA43B0282259A600C85F7E /* LYColor.swift in Sources */,
				87DA43A82821409D00C85F7E /* LYPasteRTFCell.swift in Sources */,
				871D43472817C7E30041CBC7 /* LYPasterMonitor.swift in Sources */,
				04B936DF28236FEB00F0A39A /* LYPasterShowManager.swift in Sources */,
				04B936E3282376A700F0A39A /* LYPasterPopoverView.swift in Sources */,
				871D434A2817C7E30041CBC7 /* LYWCustomWebview.swift in Sources */,
			);
			runOnlyForDeploymentPostprocessing = 0;
		};
/* End PBXSourcesBuildPhase section */

/* Begin PBXVariantGroup section */
		871D433028179B330041CBC7 /* Main.storyboard */ = {
			isa = PBXVariantGroup;
			children = (
				871D433128179B330041CBC7 /* Base */,
			);
			name = Main.storyboard;
			sourceTree = "<group>";
		};
/* End PBXVariantGroup section */

/* Begin XCBuildConfiguration section */
		871D433428179B330041CBC7 /* Debug */ = {
			isa = XCBuildConfiguration;
			buildSettings = {
				ALWAYS_SEARCH_USER_PATHS = NO;
				CLANG_ANALYZER_NONNULL = YES;
				CLANG_ANALYZER_NUMBER_OBJECT_CONVERSION = YES_AGGRESSIVE;
				CLANG_CXX_LANGUAGE_STANDARD = "gnu++17";
				CLANG_ENABLE_MODULES = YES;
				CLANG_ENABLE_OBJC_ARC = YES;
				CLANG_ENABLE_OBJC_WEAK = YES;
				CLANG_WARN_BLOCK_CAPTURE_AUTORELEASING = YES;
				CLANG_WARN_BOOL_CONVERSION = YES;
				CLANG_WARN_COMMA = YES;
				CLANG_WARN_CONSTANT_CONVERSION = YES;
				CLANG_WARN_DEPRECATED_OBJC_IMPLEMENTATIONS = YES;
				CLANG_WARN_DIRECT_OBJC_ISA_USAGE = YES_ERROR;
				CLANG_WARN_DOCUMENTATION_COMMENTS = YES;
				CLANG_WARN_EMPTY_BODY = YES;
				CLANG_WARN_ENUM_CONVERSION = YES;
				CLANG_WARN_INFINITE_RECURSION = YES;
				CLANG_WARN_INT_CONVERSION = YES;
				CLANG_WARN_NON_LITERAL_NULL_CONVERSION = YES;
				CLANG_WARN_OBJC_IMPLICIT_RETAIN_SELF = YES;
				CLANG_WARN_OBJC_LITERAL_CONVERSION = YES;
				CLANG_WARN_OBJC_ROOT_CLASS = YES_ERROR;
				CLANG_WARN_QUOTED_INCLUDE_IN_FRAMEWORK_HEADER = YES;
				CLANG_WARN_RANGE_LOOP_ANALYSIS = YES;
				CLANG_WARN_STRICT_PROTOTYPES = YES;
				CLANG_WARN_SUSPICIOUS_MOVE = YES;
				CLANG_WARN_UNGUARDED_AVAILABILITY = YES_AGGRESSIVE;
				CLANG_WARN_UNREACHABLE_CODE = YES;
				CLANG_WARN__DUPLICATE_METHOD_MATCH = YES;
				COPY_PHASE_STRIP = NO;
				DEBUG_INFORMATION_FORMAT = dwarf;
				ENABLE_STRICT_OBJC_MSGSEND = YES;
				ENABLE_TESTABILITY = YES;
				GCC_C_LANGUAGE_STANDARD = gnu11;
				GCC_DYNAMIC_NO_PIC = NO;
				GCC_NO_COMMON_BLOCKS = YES;
				GCC_OPTIMIZATION_LEVEL = 0;
				GCC_PREPROCESSOR_DEFINITIONS = (
					"DEBUG=1",
					"$(inherited)",
				);
				GCC_WARN_64_TO_32_BIT_CONVERSION = YES;
				GCC_WARN_ABOUT_RETURN_TYPE = YES_ERROR;
				GCC_WARN_UNDECLARED_SELECTOR = YES;
				GCC_WARN_UNINITIALIZED_AUTOS = YES_AGGRESSIVE;
				GCC_WARN_UNUSED_FUNCTION = YES;
				GCC_WARN_UNUSED_VARIABLE = YES;
				MACOSX_DEPLOYMENT_TARGET = 12.2;
				MTL_ENABLE_DEBUG_INFO = INCLUDE_SOURCE;
				MTL_FAST_MATH = YES;
				ONLY_ACTIVE_ARCH = YES;
				SDKROOT = macosx;
				SWIFT_ACTIVE_COMPILATION_CONDITIONS = DEBUG;
				SWIFT_OPTIMIZATION_LEVEL = "-Onone";
			};
			name = Debug;
		};
		871D433528179B330041CBC7 /* Release */ = {
			isa = XCBuildConfiguration;
			buildSettings = {
				ALWAYS_SEARCH_USER_PATHS = NO;
				CLANG_ANALYZER_NONNULL = YES;
				CLANG_ANALYZER_NUMBER_OBJECT_CONVERSION = YES_AGGRESSIVE;
				CLANG_CXX_LANGUAGE_STANDARD = "gnu++17";
				CLANG_ENABLE_MODULES = YES;
				CLANG_ENABLE_OBJC_ARC = YES;
				CLANG_ENABLE_OBJC_WEAK = YES;
				CLANG_WARN_BLOCK_CAPTURE_AUTORELEASING = YES;
				CLANG_WARN_BOOL_CONVERSION = YES;
				CLANG_WARN_COMMA = YES;
				CLANG_WARN_CONSTANT_CONVERSION = YES;
				CLANG_WARN_DEPRECATED_OBJC_IMPLEMENTATIONS = YES;
				CLANG_WARN_DIRECT_OBJC_ISA_USAGE = YES_ERROR;
				CLANG_WARN_DOCUMENTATION_COMMENTS = YES;
				CLANG_WARN_EMPTY_BODY = YES;
				CLANG_WARN_ENUM_CONVERSION = YES;
				CLANG_WARN_INFINITE_RECURSION = YES;
				CLANG_WARN_INT_CONVERSION = YES;
				CLANG_WARN_NON_LITERAL_NULL_CONVERSION = YES;
				CLANG_WARN_OBJC_IMPLICIT_RETAIN_SELF = YES;
				CLANG_WARN_OBJC_LITERAL_CONVERSION = YES;
				CLANG_WARN_OBJC_ROOT_CLASS = YES_ERROR;
				CLANG_WARN_QUOTED_INCLUDE_IN_FRAMEWORK_HEADER = YES;
				CLANG_WARN_RANGE_LOOP_ANALYSIS = YES;
				CLANG_WARN_STRICT_PROTOTYPES = YES;
				CLANG_WARN_SUSPICIOUS_MOVE = YES;
				CLANG_WARN_UNGUARDED_AVAILABILITY = YES_AGGRESSIVE;
				CLANG_WARN_UNREACHABLE_CODE = YES;
				CLANG_WARN__DUPLICATE_METHOD_MATCH = YES;
				COPY_PHASE_STRIP = NO;
				DEBUG_INFORMATION_FORMAT = "dwarf-with-dsym";
				ENABLE_NS_ASSERTIONS = NO;
				ENABLE_STRICT_OBJC_MSGSEND = YES;
				GCC_C_LANGUAGE_STANDARD = gnu11;
				GCC_NO_COMMON_BLOCKS = YES;
				GCC_WARN_64_TO_32_BIT_CONVERSION = YES;
				GCC_WARN_ABOUT_RETURN_TYPE = YES_ERROR;
				GCC_WARN_UNDECLARED_SELECTOR = YES;
				GCC_WARN_UNINITIALIZED_AUTOS = YES_AGGRESSIVE;
				GCC_WARN_UNUSED_FUNCTION = YES;
				GCC_WARN_UNUSED_VARIABLE = YES;
				MACOSX_DEPLOYMENT_TARGET = 12.2;
				MTL_ENABLE_DEBUG_INFO = NO;
				MTL_FAST_MATH = YES;
				SDKROOT = macosx;
				SWIFT_COMPILATION_MODE = wholemodule;
				SWIFT_OPTIMIZATION_LEVEL = "-O";
			};
			name = Release;
		};
		871D433728179B330041CBC7 /* Debug */ = {
			isa = XCBuildConfiguration;
			baseConfigurationReference = E8685E61835FF5B101900F8A /* Pods-LYPasteSwift.debug.xcconfig */;
			buildSettings = {
				ASSETCATALOG_COMPILER_APPICON_NAME = AppIcon;
				ASSETCATALOG_COMPILER_GLOBAL_ACCENT_COLOR_NAME = AccentColor;
				CODE_SIGN_ENTITLEMENTS = LYPasteSwift/LYPasteSwift.entitlements;
				CODE_SIGN_STYLE = Automatic;
				COMBINE_HIDPI_IMAGES = YES;
				CURRENT_PROJECT_VERSION = 1;
				GENERATE_INFOPLIST_FILE = YES;
				INFOPLIST_FILE = LYPasteSwift/Info.plist;
				INFOPLIST_KEY_NSHumanReadableCopyright = "";
				INFOPLIST_KEY_NSMainStoryboardFile = Main;
				INFOPLIST_KEY_NSPrincipalClass = NSApplication;
				LD_RUNPATH_SEARCH_PATHS = (
					"$(inherited)",
					"@executable_path/../Frameworks",
				);
				MACOSX_DEPLOYMENT_TARGET = 11.0;
				MARKETING_VERSION = 1.0;
				ONLY_ACTIVE_ARCH = YES;
				PRODUCT_BUNDLE_IDENTIFIER = com.dyedu.LYPasteSwift;
				PRODUCT_NAME = "$(TARGET_NAME)";
				SWIFT_EMIT_LOC_STRINGS = YES;
				SWIFT_VERSION = 5.0;
			};
			name = Debug;
		};
		871D433828179B330041CBC7 /* Release */ = {
			isa = XCBuildConfiguration;
			baseConfigurationReference = A07E51B0C180BBBB2B9A0086 /* Pods-LYPasteSwift.release.xcconfig */;
			buildSettings = {
				ASSETCATALOG_COMPILER_APPICON_NAME = AppIcon;
				ASSETCATALOG_COMPILER_GLOBAL_ACCENT_COLOR_NAME = AccentColor;
				CODE_SIGN_ENTITLEMENTS = LYPasteSwift/LYPasteSwift.entitlements;
				CODE_SIGN_STYLE = Automatic;
				COMBINE_HIDPI_IMAGES = YES;
				CURRENT_PROJECT_VERSION = 1;
				GENERATE_INFOPLIST_FILE = YES;
				INFOPLIST_FILE = LYPasteSwift/Info.plist;
				INFOPLIST_KEY_NSHumanReadableCopyright = "";
				INFOPLIST_KEY_NSMainStoryboardFile = Main;
				INFOPLIST_KEY_NSPrincipalClass = NSApplication;
				LD_RUNPATH_SEARCH_PATHS = (
					"$(inherited)",
					"@executable_path/../Frameworks",
				);
				MACOSX_DEPLOYMENT_TARGET = 11.0;
				MARKETING_VERSION = 1.0;
				PRODUCT_BUNDLE_IDENTIFIER = com.dyedu.LYPasteSwift;
				PRODUCT_NAME = "$(TARGET_NAME)";
				SWIFT_EMIT_LOC_STRINGS = YES;
				SWIFT_VERSION = 5.0;
			};
			name = Release;
		};
/* End XCBuildConfiguration section */

/* Begin XCConfigurationList section */
		871D432228179B310041CBC7 /* Build configuration list for PBXProject "LYPasteSwift" */ = {
			isa = XCConfigurationList;
			buildConfigurations = (
				871D433428179B330041CBC7 /* Debug */,
				871D433528179B330041CBC7 /* Release */,
			);
			defaultConfigurationIsVisible = 0;
			defaultConfigurationName = Release;
		};
		871D433628179B330041CBC7 /* Build configuration list for PBXNativeTarget "LYPasteSwift" */ = {
			isa = XCConfigurationList;
			buildConfigurations = (
				871D433728179B330041CBC7 /* Debug */,
				871D433828179B330041CBC7 /* Release */,
			);
			defaultConfigurationIsVisible = 0;
			defaultConfigurationName = Release;
		};
/* End XCConfigurationList section */
	};
	rootObject = 871D431F28179B310041CBC7 /* Project object */;
}
