// !$*UTF8*$!
{
	archiveVersion = 1;
	classes = {
	};
	objectVersion = 55;
	objects = {

/* Begin PBXBuildFile section */
		0435DCB12800315000EC2FAA /* TestTableModel.swift in Sources */ = {isa = PBXBuildFile; fileRef = 0435DCB02800315000EC2FAA /* TestTableModel.swift */; };
		766256BB898310FE8DEF12BE /* Pods_LYPaster.framework in Frameworks */ = {isa = PBXBuildFile; fileRef = 59E6046FAF92F523ECE90779 /* Pods_LYPaster.framework */; };
		871D42E428162CEB0041CBC7 /* LYSUView.swift in Sources */ = {isa = PBXBuildFile; fileRef = 871D42E328162CEB0041CBC7 /* LYSUView.swift */; };
		871D42E62816406A0041CBC7 /* LYWCustomWebview.swift in Sources */ = {isa = PBXBuildFile; fileRef = 871D42E52816406A0041CBC7 /* LYWCustomWebview.swift */; };
		87B96D2B27FEEDBC000E44C0 /* LYPasterApp.swift in Sources */ = {isa = PBXBuildFile; fileRef = 87B96D2A27FEEDBC000E44C0 /* LYPasterApp.swift */; };
		87B96D2D27FEEDBC000E44C0 /* ContentView.swift in Sources */ = {isa = PBXBuildFile; fileRef = 87B96D2C27FEEDBC000E44C0 /* ContentView.swift */; };
		87B96D2F27FEEDBD000E44C0 /* Assets.xcassets in Resources */ = {isa = PBXBuildFile; fileRef = 87B96D2E27FEEDBD000E44C0 /* Assets.xcassets */; };
		87B96D3227FEEDBD000E44C0 /* Preview Assets.xcassets in Resources */ = {isa = PBXBuildFile; fileRef = 87B96D3127FEEDBD000E44C0 /* Preview Assets.xcassets */; };
		87B96D3C27FEEE13000E44C0 /* LYPasterMonitor.swift in Sources */ = {isa = PBXBuildFile; fileRef = 87B96D3A27FEEE13000E44C0 /* LYPasterMonitor.swift */; };
		87B96D3D27FEEE13000E44C0 /* LYPasterData.swift in Sources */ = {isa = PBXBuildFile; fileRef = 87B96D3B27FEEE13000E44C0 /* LYPasterData.swift */; };
		87B96D41280039DF000E44C0 /* LYWebview.swift in Sources */ = {isa = PBXBuildFile; fileRef = 87B96D40280039DE000E44C0 /* LYWebview.swift */; };
/* End PBXBuildFile section */

/* Begin PBXFileReference section */
		0435DCB02800315000EC2FAA /* TestTableModel.swift */ = {isa = PBXFileReference; lastKnownFileType = sourcecode.swift; path = TestTableModel.swift; sourceTree = "<group>"; };
		59E6046FAF92F523ECE90779 /* Pods_LYPaster.framework */ = {isa = PBXFileReference; explicitFileType = wrapper.framework; includeInIndex = 0; path = Pods_LYPaster.framework; sourceTree = BUILT_PRODUCTS_DIR; };
		5E6DE245D9217E17D7FC3348 /* Pods-LYPaster.debug.xcconfig */ = {isa = PBXFileReference; includeInIndex = 1; lastKnownFileType = text.xcconfig; name = "Pods-LYPaster.debug.xcconfig"; path = "Target Support Files/Pods-LYPaster/Pods-LYPaster.debug.xcconfig"; sourceTree = "<group>"; };
		871D42E328162CEB0041CBC7 /* LYSUView.swift */ = {isa = PBXFileReference; lastKnownFileType = sourcecode.swift; path = LYSUView.swift; sourceTree = "<group>"; };
		871D42E52816406A0041CBC7 /* LYWCustomWebview.swift */ = {isa = PBXFileReference; lastKnownFileType = sourcecode.swift; path = LYWCustomWebview.swift; sourceTree = "<group>"; };
		871D42EB281792390041CBC7 /* LYPasteSwift.app */ = {isa = PBXFileReference; explicitFileType = wrapper.application; includeInIndex = 0; path = LYPasteSwift.app; sourceTree = BUILT_PRODUCTS_DIR; };
		87B96D2727FEEDBC000E44C0 /* LYPaster.app */ = {isa = PBXFileReference; explicitFileType = wrapper.application; includeInIndex = 0; path = LYPaster.app; sourceTree = BUILT_PRODUCTS_DIR; };
		87B96D2A27FEEDBC000E44C0 /* LYPasterApp.swift */ = {isa = PBXFileReference; lastKnownFileType = sourcecode.swift; path = LYPasterApp.swift; sourceTree = "<group>"; };
		87B96D2C27FEEDBC000E44C0 /* ContentView.swift */ = {isa = PBXFileReference; lastKnownFileType = sourcecode.swift; path = ContentView.swift; sourceTree = "<group>"; };
		87B96D2E27FEEDBD000E44C0 /* Assets.xcassets */ = {isa = PBXFileReference; lastKnownFileType = folder.assetcatalog; path = Assets.xcassets; sourceTree = "<group>"; };
		87B96D3127FEEDBD000E44C0 /* Preview Assets.xcassets */ = {isa = PBXFileReference; lastKnownFileType = folder.assetcatalog; path = "Preview Assets.xcassets"; sourceTree = "<group>"; };
		87B96D3327FEEDBD000E44C0 /* LYPaster.entitlements */ = {isa = PBXFileReference; lastKnownFileType = text.plist.entitlements; path = LYPaster.entitlements; sourceTree = "<group>"; };
		87B96D3A27FEEE13000E44C0 /* LYPasterMonitor.swift */ = {isa = PBXFileReference; fileEncoding = 4; lastKnownFileType = sourcecode.swift; path = LYPasterMonitor.swift; sourceTree = "<group>"; };
		87B96D3B27FEEE13000E44C0 /* LYPasterData.swift */ = {isa = PBXFileReference; fileEncoding = 4; lastKnownFileType = sourcecode.swift; path = LYPasterData.swift; sourceTree = "<group>"; };
		87B96D40280039DE000E44C0 /* LYWebview.swift */ = {isa = PBXFileReference; lastKnownFileType = sourcecode.swift; path = LYWebview.swift; sourceTree = "<group>"; };
		F27FCD65EFA48B9F99D53C74 /* Pods-LYPaster.release.xcconfig */ = {isa = PBXFileReference; includeInIndex = 1; lastKnownFileType = text.xcconfig; name = "Pods-LYPaster.release.xcconfig"; path = "Target Support Files/Pods-LYPaster/Pods-LYPaster.release.xcconfig"; sourceTree = "<group>"; };
/* End PBXFileReference section */

/* Begin PBXFrameworksBuildPhase section */
		871D42E8281792390041CBC7 /* Frameworks */ = {
			isa = PBXFrameworksBuildPhase;
			buildActionMask = 2147483647;
			files = (
			);
			runOnlyForDeploymentPostprocessing = 0;
		};
		87B96D2427FEEDBC000E44C0 /* Frameworks */ = {
			isa = PBXFrameworksBuildPhase;
			buildActionMask = 2147483647;
			files = (
				766256BB898310FE8DEF12BE /* Pods_LYPaster.framework in Frameworks */,
			);
			runOnlyForDeploymentPostprocessing = 0;
		};
/* End PBXFrameworksBuildPhase section */

/* Begin PBXGroup section */
		0435DCAF28002FCC00EC2FAA /* tables */ = {
			isa = PBXGroup;
			children = (
				0435DCB02800315000EC2FAA /* TestTableModel.swift */,
			);
			path = tables;
			sourceTree = "<group>";
		};
		6C57A9EFF769B98DC128E031 /* Frameworks */ = {
			isa = PBXGroup;
			children = (
				59E6046FAF92F523ECE90779 /* Pods_LYPaster.framework */,
			);
			name = Frameworks;
			sourceTree = "<group>";
		};
		87B96D1E27FEEDBC000E44C0 = {
			isa = PBXGroup;
			children = (
				87B96D2927FEEDBC000E44C0 /* LYPaster */,
				87B96D2827FEEDBC000E44C0 /* Products */,
				F7A64DC7C9E015B8DC7A2BED /* Pods */,
				6C57A9EFF769B98DC128E031 /* Frameworks */,
			);
			sourceTree = "<group>";
		};
		87B96D2827FEEDBC000E44C0 /* Products */ = {
			isa = PBXGroup;
			children = (
				87B96D2727FEEDBC000E44C0 /* LYPaster.app */,
				871D42EB281792390041CBC7 /* LYPasteSwift.app */,
			);
			name = Products;
			sourceTree = "<group>";
		};
		87B96D2927FEEDBC000E44C0 /* LYPaster */ = {
			isa = PBXGroup;
			children = (
				87B96D3E2800397B000E44C0 /* view */,
				87B96D3927FEEE13000E44C0 /* Util */,
				87B96D2A27FEEDBC000E44C0 /* LYPasterApp.swift */,
				87B96D2C27FEEDBC000E44C0 /* ContentView.swift */,
				87B96D2E27FEEDBD000E44C0 /* Assets.xcassets */,
				87B96D3327FEEDBD000E44C0 /* LYPaster.entitlements */,
				87B96D3027FEEDBD000E44C0 /* Preview Content */,
			);
			path = LYPaster;
			sourceTree = "<group>";
		};
		87B96D3027FEEDBD000E44C0 /* Preview Content */ = {
			isa = PBXGroup;
			children = (
				87B96D3127FEEDBD000E44C0 /* Preview Assets.xcassets */,
			);
			path = "Preview Content";
			sourceTree = "<group>";
		};
		87B96D3927FEEE13000E44C0 /* Util */ = {
			isa = PBXGroup;
			children = (
				87B96D3A27FEEE13000E44C0 /* LYPasterMonitor.swift */,
				87B96D3B27FEEE13000E44C0 /* LYPasterData.swift */,
				0435DCAF28002FCC00EC2FAA /* tables */,
			);
			path = Util;
			sourceTree = "<group>";
		};
		87B96D3E2800397B000E44C0 /* view */ = {
			isa = PBXGroup;
			children = (
				87B96D3F28003983000E44C0 /* web */,
				871D42E328162CEB0041CBC7 /* LYSUView.swift */,
			);
			path = view;
			sourceTree = "<group>";
		};
		87B96D3F28003983000E44C0 /* web */ = {
			isa = PBXGroup;
			children = (
				87B96D40280039DE000E44C0 /* LYWebview.swift */,
				871D42E52816406A0041CBC7 /* LYWCustomWebview.swift */,
			);
			path = web;
			sourceTree = "<group>";
		};
		F7A64DC7C9E015B8DC7A2BED /* Pods */ = {
			isa = PBXGroup;
			children = (
				5E6DE245D9217E17D7FC3348 /* Pods-LYPaster.debug.xcconfig */,
				F27FCD65EFA48B9F99D53C74 /* Pods-LYPaster.release.xcconfig */,
			);
			path = Pods;
			sourceTree = "<group>";
		};
/* End PBXGroup section */

/* Begin PBXNativeTarget section */
		871D42EA281792390041CBC7 /* LYPasteSwift */ = {
			isa = PBXNativeTarget;
			buildConfigurationList = 871D42F72817923B0041CBC7 /* Build configuration list for PBXNativeTarget "LYPasteSwift" */;
			buildPhases = (
				871D42E7281792390041CBC7 /* Sources */,
				871D42E8281792390041CBC7 /* Frameworks */,
				871D42E9281792390041CBC7 /* Resources */,
			);
			buildRules = (
			);
			dependencies = (
			);
			name = LYPasteSwift;
			productName = LYPasteSwift;
			productReference = 871D42EB281792390041CBC7 /* LYPasteSwift.app */;
			productType = "com.apple.product-type.application";
		};
		87B96D2627FEEDBC000E44C0 /* LYPaster */ = {
			isa = PBXNativeTarget;
			buildConfigurationList = 87B96D3627FEEDBD000E44C0 /* Build configuration list for PBXNativeTarget "LYPaster" */;
			buildPhases = (
				11E531D2D288086371B9F952 /* [CP] Check Pods Manifest.lock */,
				87B96D2327FEEDBC000E44C0 /* Sources */,
				87B96D2427FEEDBC000E44C0 /* Frameworks */,
				87B96D2527FEEDBC000E44C0 /* Resources */,
				C88FDA81D0C2A5F94C878913 /* [CP] Embed Pods Frameworks */,
			);
			buildRules = (
			);
			dependencies = (
			);
			name = LYPaster;
			productName = LYPaster;
			productReference = 87B96D2727FEEDBC000E44C0 /* LYPaster.app */;
			productType = "com.apple.product-type.application";
		};
/* End PBXNativeTarget section */

/* Begin PBXProject section */
		87B96D1F27FEEDBC000E44C0 /* Project object */ = {
			isa = PBXProject;
			attributes = {
				BuildIndependentTargetsInParallel = 1;
				LastSwiftUpdateCheck = 1330;
				LastUpgradeCheck = 1320;
				TargetAttributes = {
					871D42EA281792390041CBC7 = {
						CreatedOnToolsVersion = 13.3.1;
					};
					87B96D2627FEEDBC000E44C0 = {
						CreatedOnToolsVersion = 13.2.1;
					};
				};
			};
			buildConfigurationList = 87B96D2227FEEDBC000E44C0 /* Build configuration list for PBXProject "LYPaster" */;
			compatibilityVersion = "Xcode 13.0";
			developmentRegion = en;
			hasScannedForEncodings = 0;
			knownRegions = (
				en,
				Base,
			);
			mainGroup = 87B96D1E27FEEDBC000E44C0;
			productRefGroup = 87B96D2827FEEDBC000E44C0 /* Products */;
			projectDirPath = "";
			projectRoot = "";
			targets = (
				87B96D2627FEEDBC000E44C0 /* LYPaster */,
				871D42EA281792390041CBC7 /* LYPasteSwift */,
			);
		};
/* End PBXProject section */

/* Begin PBXResourcesBuildPhase section */
		871D42E9281792390041CBC7 /* Resources */ = {
			isa = PBXResourcesBuildPhase;
			buildActionMask = 2147483647;
			files = (
			);
			runOnlyForDeploymentPostprocessing = 0;
		};
		87B96D2527FEEDBC000E44C0 /* Resources */ = {
			isa = PBXResourcesBuildPhase;
			buildActionMask = 2147483647;
			files = (
				87B96D3227FEEDBD000E44C0 /* Preview Assets.xcassets in Resources */,
				87B96D2F27FEEDBD000E44C0 /* Assets.xcassets in Resources */,
			);
			runOnlyForDeploymentPostprocessing = 0;
		};
/* End PBXResourcesBuildPhase section */

/* Begin PBXShellScriptBuildPhase section */
		11E531D2D288086371B9F952 /* [CP] Check Pods Manifest.lock */ = {
			isa = PBXShellScriptBuildPhase;
			buildActionMask = 2147483647;
			files = (
			);
			inputFileListPaths = (
			);
			inputPaths = (
				"${PODS_PODFILE_DIR_PATH}/Podfile.lock",
				"${PODS_ROOT}/Manifest.lock",
			);
			name = "[CP] Check Pods Manifest.lock";
			outputFileListPaths = (
			);
			outputPaths = (
				"$(DERIVED_FILE_DIR)/Pods-LYPaster-checkManifestLockResult.txt",
			);
			runOnlyForDeploymentPostprocessing = 0;
			shellPath = /bin/sh;
			shellScript = "diff \"${PODS_PODFILE_DIR_PATH}/Podfile.lock\" \"${PODS_ROOT}/Manifest.lock\" > /dev/null\nif [ $? != 0 ] ; then\n    # print error to STDERR\n    echo \"error: The sandbox is not in sync with the Podfile.lock. Run 'pod install' or update your CocoaPods installation.\" >&2\n    exit 1\nfi\n# This output is used by Xcode 'outputs' to avoid re-running this script phase.\necho \"SUCCESS\" > \"${SCRIPT_OUTPUT_FILE_0}\"\n";
			showEnvVarsInLog = 0;
		};
		C88FDA81D0C2A5F94C878913 /* [CP] Embed Pods Frameworks */ = {
			isa = PBXShellScriptBuildPhase;
			buildActionMask = 2147483647;
			files = (
			);
			inputFileListPaths = (
				"${PODS_ROOT}/Target Support Files/Pods-LYPaster/Pods-LYPaster-frameworks-${CONFIGURATION}-input-files.xcfilelist",
			);
			name = "[CP] Embed Pods Frameworks";
			outputFileListPaths = (
				"${PODS_ROOT}/Target Support Files/Pods-LYPaster/Pods-LYPaster-frameworks-${CONFIGURATION}-output-files.xcfilelist",
			);
			runOnlyForDeploymentPostprocessing = 0;
			shellPath = /bin/sh;
			shellScript = "\"${PODS_ROOT}/Target Support Files/Pods-LYPaster/Pods-LYPaster-frameworks.sh\"\n";
			showEnvVarsInLog = 0;
		};
/* End PBXShellScriptBuildPhase section */

/* Begin PBXSourcesBuildPhase section */
		871D42E7281792390041CBC7 /* Sources */ = {
			isa = PBXSourcesBuildPhase;
			buildActionMask = 2147483647;
			files = (
			);
			runOnlyForDeploymentPostprocessing = 0;
		};
		87B96D2327FEEDBC000E44C0 /* Sources */ = {
			isa = PBXSourcesBuildPhase;
			buildActionMask = 2147483647;
			files = (
				871D42E62816406A0041CBC7 /* LYWCustomWebview.swift in Sources */,
				0435DCB12800315000EC2FAA /* TestTableModel.swift in Sources */,
				87B96D2D27FEEDBC000E44C0 /* ContentView.swift in Sources */,
				87B96D2B27FEEDBC000E44C0 /* LYPasterApp.swift in Sources */,
				87B96D3C27FEEE13000E44C0 /* LYPasterMonitor.swift in Sources */,
				871D42E428162CEB0041CBC7 /* LYSUView.swift in Sources */,
				87B96D3D27FEEE13000E44C0 /* LYPasterData.swift in Sources */,
				87B96D41280039DF000E44C0 /* LYWebview.swift in Sources */,
			);
			runOnlyForDeploymentPostprocessing = 0;
		};
/* End PBXSourcesBuildPhase section */

/* Begin XCBuildConfiguration section */
		871D42F82817923B0041CBC7 /* Debug */ = {
			isa = XCBuildConfiguration;
			buildSettings = {
				ASSETCATALOG_COMPILER_APPICON_NAME = AppIcon;
				ASSETCATALOG_COMPILER_GLOBAL_ACCENT_COLOR_NAME = AccentColor;
				CODE_SIGN_ENTITLEMENTS = LYPasteSwift/LYPasteSwift.entitlements;
				CODE_SIGN_STYLE = Automatic;
				COMBINE_HIDPI_IMAGES = YES;
				CURRENT_PROJECT_VERSION = 1;
				GENERATE_INFOPLIST_FILE = YES;
				INFOPLIST_KEY_NSHumanReadableCopyright = "";
				INFOPLIST_KEY_NSMainStoryboardFile = Main;
				INFOPLIST_KEY_NSPrincipalClass = NSApplication;
				LD_RUNPATH_SEARCH_PATHS = (
					"$(inherited)",
					"@executable_path/../Frameworks",
				);
				MACOSX_DEPLOYMENT_TARGET = 12.2;
				MARKETING_VERSION = 1.0;
				PRODUCT_BUNDLE_IDENTIFIER = com.dyedu.LYPasteSwift;
				PRODUCT_NAME = "$(TARGET_NAME)";
				SWIFT_EMIT_LOC_STRINGS = YES;
				SWIFT_VERSION = 5.0;
			};
			name = Debug;
		};
		871D42F92817923B0041CBC7 /* Release */ = {
			isa = XCBuildConfiguration;
			buildSettings = {
				ASSETCATALOG_COMPILER_APPICON_NAME = AppIcon;
				ASSETCATALOG_COMPILER_GLOBAL_ACCENT_COLOR_NAME = AccentColor;
				CODE_SIGN_ENTITLEMENTS = LYPasteSwift/LYPasteSwift.entitlements;
				CODE_SIGN_STYLE = Automatic;
				COMBINE_HIDPI_IMAGES = YES;
				CURRENT_PROJECT_VERSION = 1;
				GENERATE_INFOPLIST_FILE = YES;
				INFOPLIST_KEY_NSHumanReadableCopyright = "";
				INFOPLIST_KEY_NSMainStoryboardFile = Main;
				INFOPLIST_KEY_NSPrincipalClass = NSApplication;
				LD_RUNPATH_SEARCH_PATHS = (
					"$(inherited)",
					"@executable_path/../Frameworks",
				);
				MACOSX_DEPLOYMENT_TARGET = 12.2;
				MARKETING_VERSION = 1.0;
				PRODUCT_BUNDLE_IDENTIFIER = com.dyedu.LYPasteSwift;
				PRODUCT_NAME = "$(TARGET_NAME)";
				SWIFT_EMIT_LOC_STRINGS = YES;
				SWIFT_VERSION = 5.0;
			};
			name = Release;
		};
		87B96D3427FEEDBD000E44C0 /* Debug */ = {
			isa = XCBuildConfiguration;
			buildSettings = {
				ALWAYS_SEARCH_USER_PATHS = NO;
				CLANG_ANALYZER_NONNULL = YES;
				CLANG_ANALYZER_NUMBER_OBJECT_CONVERSION = YES_AGGRESSIVE;
				CLANG_CXX_LANGUAGE_STANDARD = "gnu++17";
				CLANG_CXX_LIBRARY = "libc++";
				CLANG_ENABLE_MODULES = YES;
				CLANG_ENABLE_OBJC_ARC = YES;
				CLANG_ENABLE_OBJC_WEAK = YES;
				CLANG_WARN_BLOCK_CAPTURE_AUTORELEASING = YES;
				CLANG_WARN_BOOL_CONVERSION = YES;
				CLANG_WARN_COMMA = YES;
				CLANG_WARN_CONSTANT_CONVERSION = YES;
				CLANG_WARN_DEPRECATED_OBJC_IMPLEMENTATIONS = YES;
				CLANG_WARN_DIRECT_OBJC_ISA_USAGE = YES_ERROR;
				CLANG_WARN_DOCUMENTATION_COMMENTS = YES;
				CLANG_WARN_EMPTY_BODY = YES;
				CLANG_WARN_ENUM_CONVERSION = YES;
				CLANG_WARN_INFINITE_RECURSION = YES;
				CLANG_WARN_INT_CONVERSION = YES;
				CLANG_WARN_NON_LITERAL_NULL_CONVERSION = YES;
				CLANG_WARN_OBJC_IMPLICIT_RETAIN_SELF = YES;
				CLANG_WARN_OBJC_LITERAL_CONVERSION = YES;
				CLANG_WARN_OBJC_ROOT_CLASS = YES_ERROR;
				CLANG_WARN_QUOTED_INCLUDE_IN_FRAMEWORK_HEADER = YES;
				CLANG_WARN_RANGE_LOOP_ANALYSIS = YES;
				CLANG_WARN_STRICT_PROTOTYPES = YES;
				CLANG_WARN_SUSPICIOUS_MOVE = YES;
				CLANG_WARN_UNGUARDED_AVAILABILITY = YES_AGGRESSIVE;
				CLANG_WARN_UNREACHABLE_CODE = YES;
				CLANG_WARN__DUPLICATE_METHOD_MATCH = YES;
				COPY_PHASE_STRIP = NO;
				DEBUG_INFORMATION_FORMAT = dwarf;
				ENABLE_STRICT_OBJC_MSGSEND = YES;
				ENABLE_TESTABILITY = YES;
				GCC_C_LANGUAGE_STANDARD = gnu11;
				GCC_DYNAMIC_NO_PIC = NO;
				GCC_NO_COMMON_BLOCKS = YES;
				GCC_OPTIMIZATION_LEVEL = 0;
				GCC_PREPROCESSOR_DEFINITIONS = (
					"DEBUG=1",
					"$(inherited)",
				);
				GCC_WARN_64_TO_32_BIT_CONVERSION = YES;
				GCC_WARN_ABOUT_RETURN_TYPE = YES_ERROR;
				GCC_WARN_UNDECLARED_SELECTOR = YES;
				GCC_WARN_UNINITIALIZED_AUTOS = YES_AGGRESSIVE;
				GCC_WARN_UNUSED_FUNCTION = YES;
				GCC_WARN_UNUSED_VARIABLE = YES;
				MACOSX_DEPLOYMENT_TARGET = 12.1;
				MTL_ENABLE_DEBUG_INFO = INCLUDE_SOURCE;
				MTL_FAST_MATH = YES;
				ONLY_ACTIVE_ARCH = YES;
				SDKROOT = macosx;
				SWIFT_ACTIVE_COMPILATION_CONDITIONS = DEBUG;
				SWIFT_OPTIMIZATION_LEVEL = "-Onone";
			};
			name = Debug;
		};
		87B96D3527FEEDBD000E44C0 /* Release */ = {
			isa = XCBuildConfiguration;
			buildSettings = {
				ALWAYS_SEARCH_USER_PATHS = NO;
				CLANG_ANALYZER_NONNULL = YES;
				CLANG_ANALYZER_NUMBER_OBJECT_CONVERSION = YES_AGGRESSIVE;
				CLANG_CXX_LANGUAGE_STANDARD = "gnu++17";
				CLANG_CXX_LIBRARY = "libc++";
				CLANG_ENABLE_MODULES = YES;
				CLANG_ENABLE_OBJC_ARC = YES;
				CLANG_ENABLE_OBJC_WEAK = YES;
				CLANG_WARN_BLOCK_CAPTURE_AUTORELEASING = YES;
				CLANG_WARN_BOOL_CONVERSION = YES;
				CLANG_WARN_COMMA = YES;
				CLANG_WARN_CONSTANT_CONVERSION = YES;
				CLANG_WARN_DEPRECATED_OBJC_IMPLEMENTATIONS = YES;
				CLANG_WARN_DIRECT_OBJC_ISA_USAGE = YES_ERROR;
				CLANG_WARN_DOCUMENTATION_COMMENTS = YES;
				CLANG_WARN_EMPTY_BODY = YES;
				CLANG_WARN_ENUM_CONVERSION = YES;
				CLANG_WARN_INFINITE_RECURSION = YES;
				CLANG_WARN_INT_CONVERSION = YES;
				CLANG_WARN_NON_LITERAL_NULL_CONVERSION = YES;
				CLANG_WARN_OBJC_IMPLICIT_RETAIN_SELF = YES;
				CLANG_WARN_OBJC_LITERAL_CONVERSION = YES;
				CLANG_WARN_OBJC_ROOT_CLASS = YES_ERROR;
				CLANG_WARN_QUOTED_INCLUDE_IN_FRAMEWORK_HEADER = YES;
				CLANG_WARN_RANGE_LOOP_ANALYSIS = YES;
				CLANG_WARN_STRICT_PROTOTYPES = YES;
				CLANG_WARN_SUSPICIOUS_MOVE = YES;
				CLANG_WARN_UNGUARDED_AVAILABILITY = YES_AGGRESSIVE;
				CLANG_WARN_UNREACHABLE_CODE = YES;
				CLANG_WARN__DUPLICATE_METHOD_MATCH = YES;
				COPY_PHASE_STRIP = NO;
				DEBUG_INFORMATION_FORMAT = "dwarf-with-dsym";
				ENABLE_NS_ASSERTIONS = NO;
				ENABLE_STRICT_OBJC_MSGSEND = YES;
				GCC_C_LANGUAGE_STANDARD = gnu11;
				GCC_NO_COMMON_BLOCKS = YES;
				GCC_WARN_64_TO_32_BIT_CONVERSION = YES;
				GCC_WARN_ABOUT_RETURN_TYPE = YES_ERROR;
				GCC_WARN_UNDECLARED_SELECTOR = YES;
				GCC_WARN_UNINITIALIZED_AUTOS = YES_AGGRESSIVE;
				GCC_WARN_UNUSED_FUNCTION = YES;
				GCC_WARN_UNUSED_VARIABLE = YES;
				MACOSX_DEPLOYMENT_TARGET = 12.1;
				MTL_ENABLE_DEBUG_INFO = NO;
				MTL_FAST_MATH = YES;
				SDKROOT = macosx;
				SWIFT_COMPILATION_MODE = wholemodule;
				SWIFT_OPTIMIZATION_LEVEL = "-O";
			};
			name = Release;
		};
		87B96D3727FEEDBD000E44C0 /* Debug */ = {
			isa = XCBuildConfiguration;
			baseConfigurationReference = 5E6DE245D9217E17D7FC3348 /* Pods-LYPaster.debug.xcconfig */;
			buildSettings = {
				ASSETCATALOG_COMPILER_APPICON_NAME = AppIcon;
				ASSETCATALOG_COMPILER_GLOBAL_ACCENT_COLOR_NAME = AccentColor;
				CODE_SIGN_ENTITLEMENTS = LYPaster/LYPaster.entitlements;
				CODE_SIGN_STYLE = Automatic;
				COMBINE_HIDPI_IMAGES = YES;
				CURRENT_PROJECT_VERSION = 1;
				DEVELOPMENT_ASSET_PATHS = "\"LYPaster/Preview Content\"";
				ENABLE_PREVIEWS = YES;
				GENERATE_INFOPLIST_FILE = YES;
				INFOPLIST_KEY_NSHumanReadableCopyright = "";
				LD_RUNPATH_SEARCH_PATHS = (
					"$(inherited)",
					"@executable_path/../Frameworks",
				);
				MARKETING_VERSION = 1.0;
				PRODUCT_BUNDLE_IDENTIFIER = com.dyedu.LYPaster;
				PRODUCT_NAME = "$(TARGET_NAME)";
				SWIFT_EMIT_LOC_STRINGS = YES;
				SWIFT_VERSION = 5.0;
			};
			name = Debug;
		};
		87B96D3827FEEDBD000E44C0 /* Release */ = {
			isa = XCBuildConfiguration;
			baseConfigurationReference = F27FCD65EFA48B9F99D53C74 /* Pods-LYPaster.release.xcconfig */;
			buildSettings = {
				ASSETCATALOG_COMPILER_APPICON_NAME = AppIcon;
				ASSETCATALOG_COMPILER_GLOBAL_ACCENT_COLOR_NAME = AccentColor;
				CODE_SIGN_ENTITLEMENTS = LYPaster/LYPaster.entitlements;
				CODE_SIGN_STYLE = Automatic;
				COMBINE_HIDPI_IMAGES = YES;
				CURRENT_PROJECT_VERSION = 1;
				DEVELOPMENT_ASSET_PATHS = "\"LYPaster/Preview Content\"";
				ENABLE_PREVIEWS = YES;
				GENERATE_INFOPLIST_FILE = YES;
				INFOPLIST_KEY_NSHumanReadableCopyright = "";
				LD_RUNPATH_SEARCH_PATHS = (
					"$(inherited)",
					"@executable_path/../Frameworks",
				);
				MARKETING_VERSION = 1.0;
				PRODUCT_BUNDLE_IDENTIFIER = com.dyedu.LYPaster;
				PRODUCT_NAME = "$(TARGET_NAME)";
				SWIFT_EMIT_LOC_STRINGS = YES;
				SWIFT_VERSION = 5.0;
			};
			name = Release;
		};
/* End XCBuildConfiguration section */

/* Begin XCConfigurationList section */
		871D42F72817923B0041CBC7 /* Build configuration list for PBXNativeTarget "LYPasteSwift" */ = {
			isa = XCConfigurationList;
			buildConfigurations = (
				871D42F82817923B0041CBC7 /* Debug */,
				871D42F92817923B0041CBC7 /* Release */,
			);
			defaultConfigurationIsVisible = 0;
			defaultConfigurationName = Release;
		};
		87B96D2227FEEDBC000E44C0 /* Build configuration list for PBXProject "LYPaster" */ = {
			isa = XCConfigurationList;
			buildConfigurations = (
				87B96D3427FEEDBD000E44C0 /* Debug */,
				87B96D3527FEEDBD000E44C0 /* Release */,
			);
			defaultConfigurationIsVisible = 0;
			defaultConfigurationName = Release;
		};
		87B96D3627FEEDBD000E44C0 /* Build configuration list for PBXNativeTarget "LYPaster" */ = {
			isa = XCConfigurationList;
			buildConfigurations = (
				87B96D3727FEEDBD000E44C0 /* Debug */,
				87B96D3827FEEDBD000E44C0 /* Release */,
			);
			defaultConfigurationIsVisible = 0;
			defaultConfigurationName = Release;
		};
/* End XCConfigurationList section */
	};
	rootObject = 87B96D1F27FEEDBC000E44C0 /* Project object */;
}
