PODS:
  - data (1.0):
    - WCDB.swift
  - SQLiteRepairKit (1.2.2):
    - WCDBOptimizedSQLCipher (~> 1.2.0)
  - WCDB.swift (1.0.8.2):
    - SQLiteRepairKit (~> 1.2.0)
    - WCDBOptimizedSQLCipher (~> 1.2.0)
  - WCDBOptimizedSQLCipher (1.2.1)

DEPENDENCIES:
  - data (from `./LocalPods/data`)
  - WCDB.swift (~> 1.0.8.2)

SPEC REPOS:
  trunk:
    - SQLiteRepairKit
    - WCDB.swift
    - WCDBOptimizedSQLCipher

EXTERNAL SOURCES:
  data:
    :path: "./LocalPods/data"

SPEC CHECKSUMS:
  data: ab53f1d35b7e205ff45736b76a5ae1be6a2f2ce8
  SQLiteRepairKit: 35aaae5a8838adb85f5b1eb4d796055be6060a4b
  WCDB.swift: 05d509d7a0e60fb6e11c34eb7e4027c0fab5849f
  WCDBOptimizedSQLCipher: baf44493b0c7a3d49e97bc5b64a3856f6428ddd1

PODFILE CHECKSUM: d26f60d0663952ae4c4cf9dd1beb81dfe9ede786

COCOAPODS: 1.11.2
